
Microsoft Visual Studio Solution File, Format Version 12.00
# Visual Studio 15
VisualStudioVersion = 15.0.28307.421
MinimumVisualStudioVersion = 10.0.40219.1
Project("{FAE04EC0-301F-11D3-BF4B-00C04F79EFBC}") = "DoseCare.Android", "DoseCare\DoseCare.Android\DoseCare.Android.csproj", "{E5C92EFC-2304-4F44-B83B-092A71B500C1}"
EndProject
Project("{FAE04EC0-301F-11D3-BF4B-00C04F79EFBC}") = "DoseCare.iOS", "DoseCare\DoseCare.iOS\DoseCare.iOS.csproj", "{EABA1666-FB95-40FE-A074-49F10D035CA5}"
EndProject
Project("{FAE04EC0-301F-11D3-BF4B-00C04F79EFBC}") = "DoseCare.UWP", "DoseCare\DoseCare.UWP\DoseCare.UWP.csproj", "{A75AF17E-2DA2-48BD-96F5-B8778A0FA605}"
EndProject
Project("{FAE04EC0-301F-11D3-BF4B-00C04F79EFBC}") = "DoseCare", "DoseCare\DoseCare\DoseCare.csproj", "{52F31C59-4883-410B-B9EF-8168A235CF66}"
EndProject
Global
	GlobalSection(SolutionConfigurationPlatforms) = preSolution
		Ad-Hoc|Any CPU = Ad-Hoc|Any CPU
		Ad-Hoc|ARM = Ad-Hoc|ARM
		Ad-Hoc|iPhone = Ad-Hoc|iPhone
		Ad-Hoc|iPhoneSimulator = Ad-Hoc|iPhoneSimulator
		Ad-Hoc|x64 = Ad-Hoc|x64
		Ad-Hoc|x86 = Ad-Hoc|x86
		AppStore|Any CPU = AppStore|Any CPU
		AppStore|ARM = AppStore|ARM
		AppStore|iPhone = AppStore|iPhone
		AppStore|iPhoneSimulator = AppStore|iPhoneSimulator
		AppStore|x64 = AppStore|x64
		AppStore|x86 = AppStore|x86
		Debug|Any CPU = Debug|Any CPU
		Debug|ARM = Debug|ARM
		Debug|iPhone = Debug|iPhone
		Debug|iPhoneSimulator = Debug|iPhoneSimulator
		Debug|x64 = Debug|x64
		Debug|x86 = Debug|x86
		Release|Any CPU = Release|Any CPU
		Release|ARM = Release|ARM
		Release|iPhone = Release|iPhone
		Release|iPhoneSimulator = Release|iPhoneSimulator
		Release|x64 = Release|x64
		Release|x86 = Release|x86
	EndGlobalSection
	GlobalSection(ProjectConfigurationPlatforms) = postSolution
		{E5C92EFC-2304-4F44-B83B-092A71B500C1}.Ad-Hoc|Any CPU.ActiveCfg = Release|Any CPU
		{E5C92EFC-2304-4F44-B83B-092A71B500C1}.Ad-Hoc|Any CPU.Build.0 = Release|Any CPU
		{E5C92EFC-2304-4F44-B83B-092A71B500C1}.Ad-Hoc|Any CPU.Deploy.0 = Release|Any CPU
		{E5C92EFC-2304-4F44-B83B-092A71B500C1}.Ad-Hoc|ARM.ActiveCfg = Release|Any CPU
		{E5C92EFC-2304-4F44-B83B-092A71B500C1}.Ad-Hoc|ARM.Build.0 = Release|Any CPU
		{E5C92EFC-2304-4F44-B83B-092A71B500C1}.Ad-Hoc|ARM.Deploy.0 = Release|Any CPU
		{E5C92EFC-2304-4F44-B83B-092A71B500C1}.Ad-Hoc|iPhone.ActiveCfg = Release|Any CPU
		{E5C92EFC-2304-4F44-B83B-092A71B500C1}.Ad-Hoc|iPhone.Build.0 = Release|Any CPU
		{E5C92EFC-2304-4F44-B83B-092A71B500C1}.Ad-Hoc|iPhone.Deploy.0 = Release|Any CPU
		{E5C92EFC-2304-4F44-B83B-092A71B500C1}.Ad-Hoc|iPhoneSimulator.ActiveCfg = Release|Any CPU
		{E5C92EFC-2304-4F44-B83B-092A71B500C1}.Ad-Hoc|iPhoneSimulator.Build.0 = Release|Any CPU
		{E5C92EFC-2304-4F44-B83B-092A71B500C1}.Ad-Hoc|iPhoneSimulator.Deploy.0 = Release|Any CPU
		{E5C92EFC-2304-4F44-B83B-092A71B500C1}.Ad-Hoc|x64.ActiveCfg = Release|Any CPU
		{E5C92EFC-2304-4F44-B83B-092A71B500C1}.Ad-Hoc|x64.Build.0 = Release|Any CPU
		{E5C92EFC-2304-4F44-B83B-092A71B500C1}.Ad-Hoc|x64.Deploy.0 = Release|Any CPU
		{E5C92EFC-2304-4F44-B83B-092A71B500C1}.Ad-Hoc|x86.ActiveCfg = Release|Any CPU
		{E5C92EFC-2304-4F44-B83B-092A71B500C1}.Ad-Hoc|x86.Build.0 = Release|Any CPU
		{E5C92EFC-2304-4F44-B83B-092A71B500C1}.Ad-Hoc|x86.Deploy.0 = Release|Any CPU
		{E5C92EFC-2304-4F44-B83B-092A71B500C1}.AppStore|Any CPU.ActiveCfg = Release|Any CPU
		{E5C92EFC-2304-4F44-B83B-092A71B500C1}.AppStore|Any CPU.Build.0 = Release|Any CPU
		{E5C92EFC-2304-4F44-B83B-092A71B500C1}.AppStore|Any CPU.Deploy.0 = Release|Any CPU
		{E5C92EFC-2304-4F44-B83B-092A71B500C1}.AppStore|ARM.ActiveCfg = Release|Any CPU
		{E5C92EFC-2304-4F44-B83B-092A71B500C1}.AppStore|ARM.Build.0 = Release|Any CPU
		{E5C92EFC-2304-4F44-B83B-092A71B500C1}.AppStore|ARM.Deploy.0 = Release|Any CPU
		{E5C92EFC-2304-4F44-B83B-092A71B500C1}.AppStore|iPhone.ActiveCfg = Release|Any CPU
		{E5C92EFC-2304-4F44-B83B-092A71B500C1}.AppStore|iPhone.Build.0 = Release|Any CPU
		{E5C92EFC-2304-4F44-B83B-092A71B500C1}.AppStore|iPhone.Deploy.0 = Release|Any CPU
		{E5C92EFC-2304-4F44-B83B-092A71B500C1}.AppStore|iPhoneSimulator.ActiveCfg = Release|Any CPU
		{E5C92EFC-2304-4F44-B83B-092A71B500C1}.AppStore|iPhoneSimulator.Build.0 = Release|Any CPU
		{E5C92EFC-2304-4F44-B83B-092A71B500C1}.AppStore|iPhoneSimulator.Deploy.0 = Release|Any CPU
		{E5C92EFC-2304-4F44-B83B-092A71B500C1}.AppStore|x64.ActiveCfg = Release|Any CPU
		{E5C92EFC-2304-4F44-B83B-092A71B500C1}.AppStore|x64.Build.0 = Release|Any CPU
		{E5C92EFC-2304-4F44-B83B-092A71B500C1}.AppStore|x64.Deploy.0 = Release|Any CPU
		{E5C92EFC-2304-4F44-B83B-092A71B500C1}.AppStore|x86.ActiveCfg = Release|Any CPU
		{E5C92EFC-2304-4F44-B83B-092A71B500C1}.AppStore|x86.Build.0 = Release|Any CPU
		{E5C92EFC-2304-4F44-B83B-092A71B500C1}.AppStore|x86.Deploy.0 = Release|Any CPU
		{E5C92EFC-2304-4F44-B83B-092A71B500C1}.Debug|Any CPU.ActiveCfg = Debug|Any CPU
		{E5C92EFC-2304-4F44-B83B-092A71B500C1}.Debug|Any CPU.Build.0 = Debug|Any CPU
		{E5C92EFC-2304-4F44-B83B-092A71B500C1}.Debug|Any CPU.Deploy.0 = Debug|Any CPU
		{E5C92EFC-2304-4F44-B83B-092A71B500C1}.Debug|ARM.ActiveCfg = Debug|Any CPU
		{E5C92EFC-2304-4F44-B83B-092A71B500C1}.Debug|ARM.Build.0 = Debug|Any CPU
		{E5C92EFC-2304-4F44-B83B-092A71B500C1}.Debug|ARM.Deploy.0 = Debug|Any CPU
		{E5C92EFC-2304-4F44-B83B-092A71B500C1}.Debug|iPhone.ActiveCfg = Debug|Any CPU
		{E5C92EFC-2304-4F44-B83B-092A71B500C1}.Debug|iPhone.Build.0 = Debug|Any CPU
		{E5C92EFC-2304-4F44-B83B-092A71B500C1}.Debug|iPhone.Deploy.0 = Debug|Any CPU
		{E5C92EFC-2304-4F44-B83B-092A71B500C1}.Debug|iPhoneSimulator.ActiveCfg = Debug|Any CPU
		{E5C92EFC-2304-4F44-B83B-092A71B500C1}.Debug|iPhoneSimulator.Build.0 = Debug|Any CPU
		{E5C92EFC-2304-4F44-B83B-092A71B500C1}.Debug|iPhoneSimulator.Deploy.0 = Debug|Any CPU
		{E5C92EFC-2304-4F44-B83B-092A71B500C1}.Debug|x64.ActiveCfg = Debug|Any CPU
		{E5C92EFC-2304-4F44-B83B-092A71B500C1}.Debug|x64.Build.0 = Debug|Any CPU
		{E5C92EFC-2304-4F44-B83B-092A71B500C1}.Debug|x64.Deploy.0 = Debug|Any CPU
		{E5C92EFC-2304-4F44-B83B-092A71B500C1}.Debug|x86.ActiveCfg = Debug|Any CPU
		{E5C92EFC-2304-4F44-B83B-092A71B500C1}.Debug|x86.Build.0 = Debug|Any CPU
		{E5C92EFC-2304-4F44-B83B-092A71B500C1}.Debug|x86.Deploy.0 = Debug|Any CPU
		{E5C92EFC-2304-4F44-B83B-092A71B500C1}.Release|Any CPU.ActiveCfg = Release|Any CPU
		{E5C92EFC-2304-4F44-B83B-092A71B500C1}.Release|Any CPU.Build.0 = Release|Any CPU
		{E5C92EFC-2304-4F44-B83B-092A71B500C1}.Release|Any CPU.Deploy.0 = Release|Any CPU
		{E5C92EFC-2304-4F44-B83B-092A71B500C1}.Release|ARM.ActiveCfg = Release|Any CPU
		{E5C92EFC-2304-4F44-B83B-092A71B500C1}.Release|ARM.Build.0 = Release|Any CPU
		{E5C92EFC-2304-4F44-B83B-092A71B500C1}.Release|ARM.Deploy.0 = Release|Any CPU
		{E5C92EFC-2304-4F44-B83B-092A71B500C1}.Release|iPhone.ActiveCfg = Release|Any CPU
		{E5C92EFC-2304-4F44-B83B-092A71B500C1}.Release|iPhone.Build.0 = Release|Any CPU
		{E5C92EFC-2304-4F44-B83B-092A71B500C1}.Release|iPhone.Deploy.0 = Release|Any CPU
		{E5C92EFC-2304-4F44-B83B-092A71B500C1}.Release|iPhoneSimulator.ActiveCfg = Release|Any CPU
		{E5C92EFC-2304-4F44-B83B-092A71B500C1}.Release|iPhoneSimulator.Build.0 = Release|Any CPU
		{E5C92EFC-2304-4F44-B83B-092A71B500C1}.Release|iPhoneSimulator.Deploy.0 = Release|Any CPU
		{E5C92EFC-2304-4F44-B83B-092A71B500C1}.Release|x64.ActiveCfg = Release|Any CPU
		{E5C92EFC-2304-4F44-B83B-092A71B500C1}.Release|x64.Build.0 = Release|Any CPU
		{E5C92EFC-2304-4F44-B83B-092A71B500C1}.Release|x64.Deploy.0 = Release|Any CPU
		{E5C92EFC-2304-4F44-B83B-092A71B500C1}.Release|x86.ActiveCfg = Release|Any CPU
		{E5C92EFC-2304-4F44-B83B-092A71B500C1}.Release|x86.Build.0 = Release|Any CPU
		{E5C92EFC-2304-4F44-B83B-092A71B500C1}.Release|x86.Deploy.0 = Release|Any CPU
		{EABA1666-FB95-40FE-A074-49F10D035CA5}.Ad-Hoc|Any CPU.ActiveCfg = Ad-Hoc|iPhone
		{EABA1666-FB95-40FE-A074-49F10D035CA5}.Ad-Hoc|Any CPU.Build.0 = Ad-Hoc|iPhone
		{EABA1666-FB95-40FE-A074-49F10D035CA5}.Ad-Hoc|Any CPU.Deploy.0 = Ad-Hoc|iPhone
		{EABA1666-FB95-40FE-A074-49F10D035CA5}.Ad-Hoc|ARM.ActiveCfg = Ad-Hoc|iPhone
		{EABA1666-FB95-40FE-A074-49F10D035CA5}.Ad-Hoc|ARM.Build.0 = Ad-Hoc|iPhone
		{EABA1666-FB95-40FE-A074-49F10D035CA5}.Ad-Hoc|ARM.Deploy.0 = Ad-Hoc|iPhone
		{EABA1666-FB95-40FE-A074-49F10D035CA5}.Ad-Hoc|iPhone.ActiveCfg = Ad-Hoc|iPhone
		{EABA1666-FB95-40FE-A074-49F10D035CA5}.Ad-Hoc|iPhone.Build.0 = Ad-Hoc|iPhone
		{EABA1666-FB95-40FE-A074-49F10D035CA5}.Ad-Hoc|iPhone.Deploy.0 = Ad-Hoc|iPhone
		{EABA1666-FB95-40FE-A074-49F10D035CA5}.Ad-Hoc|iPhoneSimulator.ActiveCfg = Ad-Hoc|iPhoneSimulator
		{EABA1666-FB95-40FE-A074-49F10D035CA5}.Ad-Hoc|iPhoneSimulator.Build.0 = Ad-Hoc|iPhoneSimulator
		{EABA1666-FB95-40FE-A074-49F10D035CA5}.Ad-Hoc|iPhoneSimulator.Deploy.0 = Ad-Hoc|iPhoneSimulator
		{EABA1666-FB95-40FE-A074-49F10D035CA5}.Ad-Hoc|x64.ActiveCfg = Ad-Hoc|iPhone
		{EABA1666-FB95-40FE-A074-49F10D035CA5}.Ad-Hoc|x64.Build.0 = Ad-Hoc|iPhone
		{EABA1666-FB95-40FE-A074-49F10D035CA5}.Ad-Hoc|x64.Deploy.0 = Ad-Hoc|iPhone
		{EABA1666-FB95-40FE-A074-49F10D035CA5}.Ad-Hoc|x86.ActiveCfg = Ad-Hoc|iPhone
		{EABA1666-FB95-40FE-A074-49F10D035CA5}.Ad-Hoc|x86.Build.0 = Ad-Hoc|iPhone
		{EABA1666-FB95-40FE-A074-49F10D035CA5}.Ad-Hoc|x86.Deploy.0 = Ad-Hoc|iPhone
		{EABA1666-FB95-40FE-A074-49F10D035CA5}.AppStore|Any CPU.ActiveCfg = AppStore|iPhone
		{EABA1666-FB95-40FE-A074-49F10D035CA5}.AppStore|Any CPU.Build.0 = AppStore|iPhone
		{EABA1666-FB95-40FE-A074-49F10D035CA5}.AppStore|Any CPU.Deploy.0 = AppStore|iPhone
		{EABA1666-FB95-40FE-A074-49F10D035CA5}.AppStore|ARM.ActiveCfg = AppStore|iPhone
		{EABA1666-FB95-40FE-A074-49F10D035CA5}.AppStore|ARM.Build.0 = AppStore|iPhone
		{EABA1666-FB95-40FE-A074-49F10D035CA5}.AppStore|ARM.Deploy.0 = AppStore|iPhone
		{EABA1666-FB95-40FE-A074-49F10D035CA5}.AppStore|iPhone.ActiveCfg = AppStore|iPhone
		{EABA1666-FB95-40FE-A074-49F10D035CA5}.AppStore|iPhone.Build.0 = AppStore|iPhone
		{EABA1666-FB95-40FE-A074-49F10D035CA5}.AppStore|iPhone.Deploy.0 = AppStore|iPhone
		{EABA1666-FB95-40FE-A074-49F10D035CA5}.AppStore|iPhoneSimulator.ActiveCfg = AppStore|iPhoneSimulator
		{EABA1666-FB95-40FE-A074-49F10D035CA5}.AppStore|iPhoneSimulator.Build.0 = AppStore|iPhoneSimulator
		{EABA1666-FB95-40FE-A074-49F10D035CA5}.AppStore|iPhoneSimulator.Deploy.0 = AppStore|iPhoneSimulator
		{EABA1666-FB95-40FE-A074-49F10D035CA5}.AppStore|x64.ActiveCfg = AppStore|iPhone
		{EABA1666-FB95-40FE-A074-49F10D035CA5}.AppStore|x64.Build.0 = AppStore|iPhone
		{EABA1666-FB95-40FE-A074-49F10D035CA5}.AppStore|x64.Deploy.0 = AppStore|iPhone
		{EABA1666-FB95-40FE-A074-49F10D035CA5}.AppStore|x86.ActiveCfg = AppStore|iPhone
		{EABA1666-FB95-40FE-A074-49F10D035CA5}.AppStore|x86.Build.0 = AppStore|iPhone
		{EABA1666-FB95-40FE-A074-49F10D035CA5}.AppStore|x86.Deploy.0 = AppStore|iPhone
		{EABA1666-FB95-40FE-A074-49F10D035CA5}.Debug|Any CPU.ActiveCfg = Debug|iPhoneSimulator
		{EABA1666-FB95-40FE-A074-49F10D035CA5}.Debug|Any CPU.Build.0 = Debug|iPhoneSimulator
		{EABA1666-FB95-40FE-A074-49F10D035CA5}.Debug|Any CPU.Deploy.0 = Debug|iPhoneSimulator
		{EABA1666-FB95-40FE-A074-49F10D035CA5}.Debug|ARM.ActiveCfg = Debug|iPhone
		{EABA1666-FB95-40FE-A074-49F10D035CA5}.Debug|ARM.Build.0 = Debug|iPhone
		{EABA1666-FB95-40FE-A074-49F10D035CA5}.Debug|ARM.Deploy.0 = Debug|iPhone
		{EABA1666-FB95-40FE-A074-49F10D035CA5}.Debug|iPhone.ActiveCfg = Debug|iPhone
		{EABA1666-FB95-40FE-A074-49F10D035CA5}.Debug|iPhone.Build.0 = Debug|iPhone
		{EABA1666-FB95-40FE-A074-49F10D035CA5}.Debug|iPhone.Deploy.0 = Debug|iPhone
		{EABA1666-FB95-40FE-A074-49F10D035CA5}.Debug|iPhoneSimulator.ActiveCfg = Debug|iPhoneSimulator
		{EABA1666-FB95-40FE-A074-49F10D035CA5}.Debug|iPhoneSimulator.Build.0 = Debug|iPhoneSimulator
		{EABA1666-FB95-40FE-A074-49F10D035CA5}.Debug|iPhoneSimulator.Deploy.0 = Debug|iPhoneSimulator
		{EABA1666-FB95-40FE-A074-49F10D035CA5}.Debug|x64.ActiveCfg = Debug|iPhone
		{EABA1666-FB95-40FE-A074-49F10D035CA5}.Debug|x64.Build.0 = Debug|iPhone
		{EABA1666-FB95-40FE-A074-49F10D035CA5}.Debug|x64.Deploy.0 = Debug|iPhone
		{EABA1666-FB95-40FE-A074-49F10D035CA5}.Debug|x86.ActiveCfg = Debug|iPhone
		{EABA1666-FB95-40FE-A074-49F10D035CA5}.Debug|x86.Build.0 = Debug|iPhone
		{EABA1666-FB95-40FE-A074-49F10D035CA5}.Debug|x86.Deploy.0 = Debug|iPhone
		{EABA1666-FB95-40FE-A074-49F10D035CA5}.Release|Any CPU.ActiveCfg = Release|iPhone
		{EABA1666-FB95-40FE-A074-49F10D035CA5}.Release|Any CPU.Build.0 = Release|iPhone
		{EABA1666-FB95-40FE-A074-49F10D035CA5}.Release|Any CPU.Deploy.0 = Release|iPhone
		{EABA1666-FB95-40FE-A074-49F10D035CA5}.Release|ARM.ActiveCfg = Release|iPhone
		{EABA1666-FB95-40FE-A074-49F10D035CA5}.Release|ARM.Build.0 = Release|iPhone
		{EABA1666-FB95-40FE-A074-49F10D035CA5}.Release|ARM.Deploy.0 = Release|iPhone
		{EABA1666-FB95-40FE-A074-49F10D035CA5}.Release|iPhone.ActiveCfg = Release|iPhone
		{EABA1666-FB95-40FE-A074-49F10D035CA5}.Release|iPhone.Build.0 = Release|iPhone
		{EABA1666-FB95-40FE-A074-49F10D035CA5}.Release|iPhone.Deploy.0 = Release|iPhone
		{EABA1666-FB95-40FE-A074-49F10D035CA5}.Release|iPhoneSimulator.ActiveCfg = Release|iPhoneSimulator
		{EABA1666-FB95-40FE-A074-49F10D035CA5}.Release|iPhoneSimulator.Build.0 = Release|iPhoneSimulator
		{EABA1666-FB95-40FE-A074-49F10D035CA5}.Release|iPhoneSimulator.Deploy.0 = Release|iPhoneSimulator
		{EABA1666-FB95-40FE-A074-49F10D035CA5}.Release|x64.ActiveCfg = Release|iPhone
		{EABA1666-FB95-40FE-A074-49F10D035CA5}.Release|x64.Build.0 = Release|iPhone
		{EABA1666-FB95-40FE-A074-49F10D035CA5}.Release|x64.Deploy.0 = Release|iPhone
		{EABA1666-FB95-40FE-A074-49F10D035CA5}.Release|x86.ActiveCfg = Release|iPhone
		{EABA1666-FB95-40FE-A074-49F10D035CA5}.Release|x86.Build.0 = Release|iPhone
		{EABA1666-FB95-40FE-A074-49F10D035CA5}.Release|x86.Deploy.0 = Release|iPhone
		{A75AF17E-2DA2-48BD-96F5-B8778A0FA605}.Ad-Hoc|Any CPU.ActiveCfg = Release|x86
		{A75AF17E-2DA2-48BD-96F5-B8778A0FA605}.Ad-Hoc|Any CPU.Build.0 = Release|x86
		{A75AF17E-2DA2-48BD-96F5-B8778A0FA605}.Ad-Hoc|Any CPU.Deploy.0 = Release|x86
		{A75AF17E-2DA2-48BD-96F5-B8778A0FA605}.Ad-Hoc|ARM.ActiveCfg = Release|ARM
		{A75AF17E-2DA2-48BD-96F5-B8778A0FA605}.Ad-Hoc|ARM.Build.0 = Release|ARM
		{A75AF17E-2DA2-48BD-96F5-B8778A0FA605}.Ad-Hoc|ARM.Deploy.0 = Release|ARM
		{A75AF17E-2DA2-48BD-96F5-B8778A0FA605}.Ad-Hoc|iPhone.ActiveCfg = Release|x86
		{A75AF17E-2DA2-48BD-96F5-B8778A0FA605}.Ad-Hoc|iPhone.Build.0 = Release|x86
		{A75AF17E-2DA2-48BD-96F5-B8778A0FA605}.Ad-Hoc|iPhone.Deploy.0 = Release|x86
		{A75AF17E-2DA2-48BD-96F5-B8778A0FA605}.Ad-Hoc|iPhoneSimulator.ActiveCfg = Release|x86
		{A75AF17E-2DA2-48BD-96F5-B8778A0FA605}.Ad-Hoc|iPhoneSimulator.Build.0 = Release|x86
		{A75AF17E-2DA2-48BD-96F5-B8778A0FA605}.Ad-Hoc|iPhoneSimulator.Deploy.0 = Release|x86
		{A75AF17E-2DA2-48BD-96F5-B8778A0FA605}.Ad-Hoc|x64.ActiveCfg = Release|x64
		{A75AF17E-2DA2-48BD-96F5-B8778A0FA605}.Ad-Hoc|x64.Build.0 = Release|x64
		{A75AF17E-2DA2-48BD-96F5-B8778A0FA605}.Ad-Hoc|x64.Deploy.0 = Release|x64
		{A75AF17E-2DA2-48BD-96F5-B8778A0FA605}.Ad-Hoc|x86.ActiveCfg = Release|x86
		{A75AF17E-2DA2-48BD-96F5-B8778A0FA605}.Ad-Hoc|x86.Build.0 = Release|x86
		{A75AF17E-2DA2-48BD-96F5-B8778A0FA605}.Ad-Hoc|x86.Deploy.0 = Release|x86
		{A75AF17E-2DA2-48BD-96F5-B8778A0FA605}.AppStore|Any CPU.ActiveCfg = Release|x86
		{A75AF17E-2DA2-48BD-96F5-B8778A0FA605}.AppStore|Any CPU.Build.0 = Release|x86
		{A75AF17E-2DA2-48BD-96F5-B8778A0FA605}.AppStore|Any CPU.Deploy.0 = Release|x86
		{A75AF17E-2DA2-48BD-96F5-B8778A0FA605}.AppStore|ARM.ActiveCfg = Release|ARM
		{A75AF17E-2DA2-48BD-96F5-B8778A0FA605}.AppStore|ARM.Build.0 = Release|ARM
		{A75AF17E-2DA2-48BD-96F5-B8778A0FA605}.AppStore|ARM.Deploy.0 = Release|ARM
		{A75AF17E-2DA2-48BD-96F5-B8778A0FA605}.AppStore|iPhone.ActiveCfg = Release|x86
		{A75AF17E-2DA2-48BD-96F5-B8778A0FA605}.AppStore|iPhone.Build.0 = Release|x86
		{A75AF17E-2DA2-48BD-96F5-B8778A0FA605}.AppStore|iPhone.Deploy.0 = Release|x86
		{A75AF17E-2DA2-48BD-96F5-B8778A0FA605}.AppStore|iPhoneSimulator.ActiveCfg = Release|x86
		{A75AF17E-2DA2-48BD-96F5-B8778A0FA605}.AppStore|iPhoneSimulator.Build.0 = Release|x86
		{A75AF17E-2DA2-48BD-96F5-B8778A0FA605}.AppStore|iPhoneSimulator.Deploy.0 = Release|x86
		{A75AF17E-2DA2-48BD-96F5-B8778A0FA605}.AppStore|x64.ActiveCfg = Release|x64
		{A75AF17E-2DA2-48BD-96F5-B8778A0FA605}.AppStore|x64.Build.0 = Release|x64
		{A75AF17E-2DA2-48BD-96F5-B8778A0FA605}.AppStore|x64.Deploy.0 = Release|x64
		{A75AF17E-2DA2-48BD-96F5-B8778A0FA605}.AppStore|x86.ActiveCfg = Release|x86
		{A75AF17E-2DA2-48BD-96F5-B8778A0FA605}.AppStore|x86.Build.0 = Release|x86
		{A75AF17E-2DA2-48BD-96F5-B8778A0FA605}.AppStore|x86.Deploy.0 = Release|x86
		{A75AF17E-2DA2-48BD-96F5-B8778A0FA605}.Debug|Any CPU.ActiveCfg = Debug|x86
		{A75AF17E-2DA2-48BD-96F5-B8778A0FA605}.Debug|Any CPU.Build.0 = Debug|x86
		{A75AF17E-2DA2-48BD-96F5-B8778A0FA605}.Debug|Any CPU.Deploy.0 = Debug|x86
		{A75AF17E-2DA2-48BD-96F5-B8778A0FA605}.Debug|ARM.ActiveCfg = Debug|ARM
		{A75AF17E-2DA2-48BD-96F5-B8778A0FA605}.Debug|ARM.Build.0 = Debug|ARM
		{A75AF17E-2DA2-48BD-96F5-B8778A0FA605}.Debug|ARM.Deploy.0 = Debug|ARM
		{A75AF17E-2DA2-48BD-96F5-B8778A0FA605}.Debug|iPhone.ActiveCfg = Debug|x86
		{A75AF17E-2DA2-48BD-96F5-B8778A0FA605}.Debug|iPhone.Build.0 = Debug|x86
		{A75AF17E-2DA2-48BD-96F5-B8778A0FA605}.Debug|iPhone.Deploy.0 = Debug|x86
		{A75AF17E-2DA2-48BD-96F5-B8778A0FA605}.Debug|iPhoneSimulator.ActiveCfg = Debug|x86
		{A75AF17E-2DA2-48BD-96F5-B8778A0FA605}.Debug|iPhoneSimulator.Build.0 = Debug|x86
		{A75AF17E-2DA2-48BD-96F5-B8778A0FA605}.Debug|iPhoneSimulator.Deploy.0 = Debug|x86
		{A75AF17E-2DA2-48BD-96F5-B8778A0FA605}.Debug|x64.ActiveCfg = Debug|x64
		{A75AF17E-2DA2-48BD-96F5-B8778A0FA605}.Debug|x64.Build.0 = Debug|x64
		{A75AF17E-2DA2-48BD-96F5-B8778A0FA605}.Debug|x64.Deploy.0 = Debug|x64
		{A75AF17E-2DA2-48BD-96F5-B8778A0FA605}.Debug|x86.ActiveCfg = Debug|x86
		{A75AF17E-2DA2-48BD-96F5-B8778A0FA605}.Debug|x86.Build.0 = Debug|x86
		{A75AF17E-2DA2-48BD-96F5-B8778A0FA605}.Debug|x86.Deploy.0 = Debug|x86
		{A75AF17E-2DA2-48BD-96F5-B8778A0FA605}.Release|Any CPU.ActiveCfg = Release|x86
		{A75AF17E-2DA2-48BD-96F5-B8778A0FA605}.Release|Any CPU.Build.0 = Release|x86
		{A75AF17E-2DA2-48BD-96F5-B8778A0FA605}.Release|Any CPU.Deploy.0 = Release|x86
		{A75AF17E-2DA2-48BD-96F5-B8778A0FA605}.Release|ARM.ActiveCfg = Release|ARM
		{A75AF17E-2DA2-48BD-96F5-B8778A0FA605}.Release|ARM.Build.0 = Release|ARM
		{A75AF17E-2DA2-48BD-96F5-B8778A0FA605}.Release|ARM.Deploy.0 = Release|ARM
		{A75AF17E-2DA2-48BD-96F5-B8778A0FA605}.Release|iPhone.ActiveCfg = Release|x86
		{A75AF17E-2DA2-48BD-96F5-B8778A0FA605}.Release|iPhone.Build.0 = Release|x86
		{A75AF17E-2DA2-48BD-96F5-B8778A0FA605}.Release|iPhone.Deploy.0 = Release|x86
		{A75AF17E-2DA2-48BD-96F5-B8778A0FA605}.Release|iPhoneSimulator.ActiveCfg = Release|x86
		{A75AF17E-2DA2-48BD-96F5-B8778A0FA605}.Release|iPhoneSimulator.Build.0 = Release|x86
		{A75AF17E-2DA2-48BD-96F5-B8778A0FA605}.Release|iPhoneSimulator.Deploy.0 = Release|x86
		{A75AF17E-2DA2-48BD-96F5-B8778A0FA605}.Release|x64.ActiveCfg = Release|x64
		{A75AF17E-2DA2-48BD-96F5-B8778A0FA605}.Release|x64.Build.0 = Release|x64
		{A75AF17E-2DA2-48BD-96F5-B8778A0FA605}.Release|x64.Deploy.0 = Release|x64
		{A75AF17E-2DA2-48BD-96F5-B8778A0FA605}.Release|x86.ActiveCfg = Release|x86
		{A75AF17E-2DA2-48BD-96F5-B8778A0FA605}.Release|x86.Build.0 = Release|x86
		{A75AF17E-2DA2-48BD-96F5-B8778A0FA605}.Release|x86.Deploy.0 = Release|x86
		{52F31C59-4883-410B-B9EF-8168A235CF66}.Ad-Hoc|Any CPU.ActiveCfg = Debug|Any CPU
		{52F31C59-4883-410B-B9EF-8168A235CF66}.Ad-Hoc|Any CPU.Build.0 = Debug|Any CPU
		{52F31C59-4883-410B-B9EF-8168A235CF66}.Ad-Hoc|Any CPU.Deploy.0 = Debug|Any CPU
		{52F31C59-4883-410B-B9EF-8168A235CF66}.Ad-Hoc|ARM.ActiveCfg = Debug|Any CPU
		{52F31C59-4883-410B-B9EF-8168A235CF66}.Ad-Hoc|ARM.Build.0 = Debug|Any CPU
		{52F31C59-4883-410B-B9EF-8168A235CF66}.Ad-Hoc|ARM.Deploy.0 = Debug|Any CPU
		{52F31C59-4883-410B-B9EF-8168A235CF66}.Ad-Hoc|iPhone.ActiveCfg = Debug|Any CPU
		{52F31C59-4883-410B-B9EF-8168A235CF66}.Ad-Hoc|iPhone.Build.0 = Debug|Any CPU
		{52F31C59-4883-410B-B9EF-8168A235CF66}.Ad-Hoc|iPhone.Deploy.0 = Debug|Any CPU
		{52F31C59-4883-410B-B9EF-8168A235CF66}.Ad-Hoc|iPhoneSimulator.ActiveCfg = Debug|Any CPU
		{52F31C59-4883-410B-B9EF-8168A235CF66}.Ad-Hoc|iPhoneSimulator.Build.0 = Debug|Any CPU
		{52F31C59-4883-410B-B9EF-8168A235CF66}.Ad-Hoc|iPhoneSimulator.Deploy.0 = Debug|Any CPU
		{52F31C59-4883-410B-B9EF-8168A235CF66}.Ad-Hoc|x64.ActiveCfg = Debug|Any CPU
		{52F31C59-4883-410B-B9EF-8168A235CF66}.Ad-Hoc|x64.Build.0 = Debug|Any CPU
		{52F31C59-4883-410B-B9EF-8168A235CF66}.Ad-Hoc|x64.Deploy.0 = Debug|Any CPU
		{52F31C59-4883-410B-B9EF-8168A235CF66}.Ad-Hoc|x86.ActiveCfg = Debug|Any CPU
		{52F31C59-4883-410B-B9EF-8168A235CF66}.Ad-Hoc|x86.Build.0 = Debug|Any CPU
		{52F31C59-4883-410B-B9EF-8168A235CF66}.Ad-Hoc|x86.Deploy.0 = Debug|Any CPU
		{52F31C59-4883-410B-B9EF-8168A235CF66}.AppStore|Any CPU.ActiveCfg = Debug|Any CPU
		{52F31C59-4883-410B-B9EF-8168A235CF66}.AppStore|Any CPU.Build.0 = Debug|Any CPU
		{52F31C59-4883-410B-B9EF-8168A235CF66}.AppStore|Any CPU.Deploy.0 = Debug|Any CPU
		{52F31C59-4883-410B-B9EF-8168A235CF66}.AppStore|ARM.ActiveCfg = Debug|Any CPU
		{52F31C59-4883-410B-B9EF-8168A235CF66}.AppStore|ARM.Build.0 = Debug|Any CPU
		{52F31C59-4883-410B-B9EF-8168A235CF66}.AppStore|ARM.Deploy.0 = Debug|Any CPU
		{52F31C59-4883-410B-B9EF-8168A235CF66}.AppStore|iPhone.ActiveCfg = Debug|Any CPU
		{52F31C59-4883-410B-B9EF-8168A235CF66}.AppStore|iPhone.Build.0 = Debug|Any CPU
		{52F31C59-4883-410B-B9EF-8168A235CF66}.AppStore|iPhone.Deploy.0 = Debug|Any CPU
		{52F31C59-4883-410B-B9EF-8168A235CF66}.AppStore|iPhoneSimulator.ActiveCfg = Debug|Any CPU
		{52F31C59-4883-410B-B9EF-8168A235CF66}.AppStore|iPhoneSimulator.Build.0 = Debug|Any CPU
		{52F31C59-4883-410B-B9EF-8168A235CF66}.AppStore|iPhoneSimulator.Deploy.0 = Debug|Any CPU
		{52F31C59-4883-410B-B9EF-8168A235CF66}.AppStore|x64.ActiveCfg = Debug|Any CPU
		{52F31C59-4883-410B-B9EF-8168A235CF66}.AppStore|x64.Build.0 = Debug|Any CPU
		{52F31C59-4883-410B-B9EF-8168A235CF66}.AppStore|x64.Deploy.0 = Debug|Any CPU
		{52F31C59-4883-410B-B9EF-8168A235CF66}.AppStore|x86.ActiveCfg = Debug|Any CPU
		{52F31C59-4883-410B-B9EF-8168A235CF66}.AppStore|x86.Build.0 = Debug|Any CPU
		{52F31C59-4883-410B-B9EF-8168A235CF66}.AppStore|x86.Deploy.0 = Debug|Any CPU
		{52F31C59-4883-410B-B9EF-8168A235CF66}.Debug|Any CPU.ActiveCfg = Debug|Any CPU
		{52F31C59-4883-410B-B9EF-8168A235CF66}.Debug|Any CPU.Build.0 = Debug|Any CPU
		{52F31C59-4883-410B-B9EF-8168A235CF66}.Debug|Any CPU.Deploy.0 = Debug|Any CPU
		{52F31C59-4883-410B-B9EF-8168A235CF66}.Debug|ARM.ActiveCfg = Debug|Any CPU
		{52F31C59-4883-410B-B9EF-8168A235CF66}.Debug|ARM.Build.0 = Debug|Any CPU
		{52F31C59-4883-410B-B9EF-8168A235CF66}.Debug|ARM.Deploy.0 = Debug|Any CPU
		{52F31C59-4883-410B-B9EF-8168A235CF66}.Debug|iPhone.ActiveCfg = Debug|Any CPU
		{52F31C59-4883-410B-B9EF-8168A235CF66}.Debug|iPhone.Build.0 = Debug|Any CPU
		{52F31C59-4883-410B-B9EF-8168A235CF66}.Debug|iPhone.Deploy.0 = Debug|Any CPU
		{52F31C59-4883-410B-B9EF-8168A235CF66}.Debug|iPhoneSimulator.ActiveCfg = Debug|Any CPU
		{52F31C59-4883-410B-B9EF-8168A235CF66}.Debug|iPhoneSimulator.Build.0 = Debug|Any CPU
		{52F31C59-4883-410B-B9EF-8168A235CF66}.Debug|iPhoneSimulator.Deploy.0 = Debug|Any CPU
		{52F31C59-4883-410B-B9EF-8168A235CF66}.Debug|x64.ActiveCfg = Debug|Any CPU
		{52F31C59-4883-410B-B9EF-8168A235CF66}.Debug|x64.Build.0 = Debug|Any CPU
		{52F31C59-4883-410B-B9EF-8168A235CF66}.Debug|x64.Deploy.0 = Debug|Any CPU
		{52F31C59-4883-410B-B9EF-8168A235CF66}.Debug|x86.ActiveCfg = Debug|Any CPU
		{52F31C59-4883-410B-B9EF-8168A235CF66}.Debug|x86.Build.0 = Debug|Any CPU
		{52F31C59-4883-410B-B9EF-8168A235CF66}.Debug|x86.Deploy.0 = Debug|Any CPU
		{52F31C59-4883-410B-B9EF-8168A235CF66}.Release|Any CPU.ActiveCfg = Release|Any CPU
		{52F31C59-4883-410B-B9EF-8168A235CF66}.Release|Any CPU.Build.0 = Release|Any CPU
		{52F31C59-4883-410B-B9EF-8168A235CF66}.Release|Any CPU.Deploy.0 = Release|Any CPU
		{52F31C59-4883-410B-B9EF-8168A235CF66}.Release|ARM.ActiveCfg = Release|Any CPU
		{52F31C59-4883-410B-B9EF-8168A235CF66}.Release|ARM.Build.0 = Release|Any CPU
		{52F31C59-4883-410B-B9EF-8168A235CF66}.Release|ARM.Deploy.0 = Release|Any CPU
		{52F31C59-4883-410B-B9EF-8168A235CF66}.Release|iPhone.ActiveCfg = Release|Any CPU
		{52F31C59-4883-410B-B9EF-8168A235CF66}.Release|iPhone.Build.0 = Release|Any CPU
		{52F31C59-4883-410B-B9EF-8168A235CF66}.Release|iPhone.Deploy.0 = Release|Any CPU
		{52F31C59-4883-410B-B9EF-8168A235CF66}.Release|iPhoneSimulator.ActiveCfg = Release|Any CPU
		{52F31C59-4883-410B-B9EF-8168A235CF66}.Release|iPhoneSimulator.Build.0 = Release|Any CPU
		{52F31C59-4883-410B-B9EF-8168A235CF66}.Release|iPhoneSimulator.Deploy.0 = Release|Any CPU
		{52F31C59-4883-410B-B9EF-8168A235CF66}.Release|x64.ActiveCfg = Release|Any CPU
		{52F31C59-4883-410B-B9EF-8168A235CF66}.Release|x64.Build.0 = Release|Any CPU
		{52F31C59-4883-410B-B9EF-8168A235CF66}.Release|x64.Deploy.0 = Release|Any CPU
		{52F31C59-4883-410B-B9EF-8168A235CF66}.Release|x86.ActiveCfg = Release|Any CPU
		{52F31C59-4883-410B-B9EF-8168A235CF66}.Release|x86.Build.0 = Release|Any CPU
		{52F31C59-4883-410B-B9EF-8168A235CF66}.Release|x86.Deploy.0 = Release|Any CPU
	EndGlobalSection
	GlobalSection(SolutionProperties) = preSolution
		HideSolutionNode = FALSE
	EndGlobalSection
	GlobalSection(ExtensibilityGlobals) = postSolution
		SolutionGuid = {554881DD-339A-469A-A2B6-D714B3885B63}
	EndGlobalSection
EndGlobal
